
Microsoft Visual Studio Solution File, Format Version 12.00
# Visual Studio Version 17
VisualStudioVersion = 17.9.34728.123
MinimumVisualStudioVersion = 10.0.40219.1
Project("{FAE04EC0-301F-11D3-BF4B-00C04F79EFBC}") = "BlazorServerDemo", "BlazorServerDemo\BlazorServerDemo.csproj", "{CEA58BAA-2FCD-454D-A924-D76944230BAD}"
EndProject
Project("{FAE04EC0-301F-11D3-BF4B-00C04F79EFBC}") = "BlazorServerDemo.Tests", "BlazorServerDemo.Tests\BlazorServerDemo.Tests.csproj", "{26B84B64-7964-4E63-9ED6-D6CF0E273A89}"
EndProject
Project("{FAE04EC0-301F-11D3-BF4B-00C04F79EFBC}") = "ConsoleUI", "ConsoleUI\ConsoleUI.csproj", "{DA403B15-001B-453F-A5D9-14AB2C0B04A6}"
EndProject
Project("{FAE04EC0-301F-11D3-BF4B-00C04F79EFBC}") = "DiDemoLib", "DiDemoLib\DiDemoLib.csproj", "{BE16C008-AE80-4142-A7B2-96C0F64E7AD1}"
EndProject
Project("{FAE04EC0-301F-11D3-BF4B-00C04F79EFBC}") = "WorkerService", "WorkerService\WorkerService.csproj", "{6AA7CE7F-947A-4479-9558-4DFB37F9AA59}"
EndProject
Project("{FAE04EC0-301F-11D3-BF4B-00C04F79EFBC}") = "WinForms", "WinForms\WinForms.csproj", "{FFC35DB0-565A-40F7-985D-BF23DEBDDA62}"
EndProject
Project("{FAE04EC0-301F-11D3-BF4B-00C04F79EFBC}") = "WpfApp", "WpfApp\WpfApp.csproj", "{BBF27993-0515-431D-BB6E-277F2836C63C}"
EndProject
Project("{FAE04EC0-301F-11D3-BF4B-00C04F79EFBC}") = "ApiApp", "ApiApp\ApiApp.csproj", "{58CB25C4-2BB8-42B9-AC86-4A6F069EA5B2}"
EndProject
Project("{FAE04EC0-301F-11D3-BF4B-00C04F79EFBC}") = "BlazorWASM", "BlazorWASM\BlazorWASM.csproj", "{4084BAA8-B15A-45EC-AC14-1EEB4F7D29D4}"
EndProject
Project("{FAE04EC0-301F-11D3-BF4B-00C04F79EFBC}") = "FunctionApp", "FunctionApp\FunctionApp.csproj", "{C1F61C7C-0A5E-4314-BF47-592A4A464EC5}"
EndProject
Global
	GlobalSection(SolutionConfigurationPlatforms) = preSolution
		Debug|Any CPU = Debug|Any CPU
		Release|Any CPU = Release|Any CPU
	EndGlobalSection
	GlobalSection(ProjectConfigurationPlatforms) = postSolution
		{CEA58BAA-2FCD-454D-A924-D76944230BAD}.Debug|Any CPU.ActiveCfg = Debug|Any CPU
		{CEA58BAA-2FCD-454D-A924-D76944230BAD}.Debug|Any CPU.Build.0 = Debug|Any CPU
		{CEA58BAA-2FCD-454D-A924-D76944230BAD}.Release|Any CPU.ActiveCfg = Release|Any CPU
		{CEA58BAA-2FCD-454D-A924-D76944230BAD}.Release|Any CPU.Build.0 = Release|Any CPU
		{26B84B64-7964-4E63-9ED6-D6CF0E273A89}.Debug|Any CPU.ActiveCfg = Debug|Any CPU
		{26B84B64-7964-4E63-9ED6-D6CF0E273A89}.Debug|Any CPU.Build.0 = Debug|Any CPU
		{26B84B64-7964-4E63-9ED6-D6CF0E273A89}.Release|Any CPU.ActiveCfg = Release|Any CPU
		{26B84B64-7964-4E63-9ED6-D6CF0E273A89}.Release|Any CPU.Build.0 = Release|Any CPU
		{DA403B15-001B-453F-A5D9-14AB2C0B04A6}.Debug|Any CPU.ActiveCfg = Debug|Any CPU
		{DA403B15-001B-453F-A5D9-14AB2C0B04A6}.Debug|Any CPU.Build.0 = Debug|Any CPU
		{DA403B15-001B-453F-A5D9-14AB2C0B04A6}.Release|Any CPU.ActiveCfg = Release|Any CPU
		{DA403B15-001B-453F-A5D9-14AB2C0B04A6}.Release|Any CPU.Build.0 = Release|Any CPU
		{BE16C008-AE80-4142-A7B2-96C0F64E7AD1}.Debug|Any CPU.ActiveCfg = Debug|Any CPU
		{BE16C008-AE80-4142-A7B2-96C0F64E7AD1}.Debug|Any CPU.Build.0 = Debug|Any CPU
		{BE16C008-AE80-4142-A7B2-96C0F64E7AD1}.Release|Any CPU.ActiveCfg = Release|Any CPU
		{BE16C008-AE80-4142-A7B2-96C0F64E7AD1}.Release|Any CPU.Build.0 = Release|Any CPU
		{6AA7CE7F-947A-4479-9558-4DFB37F9AA59}.Debug|Any CPU.ActiveCfg = Debug|Any CPU
		{6AA7CE7F-947A-4479-9558-4DFB37F9AA59}.Debug|Any CPU.Build.0 = Debug|Any CPU
		{6AA7CE7F-947A-4479-9558-4DFB37F9AA59}.Release|Any CPU.ActiveCfg = Release|Any CPU
		{6AA7CE7F-947A-4479-9558-4DFB37F9AA59}.Release|Any CPU.Build.0 = Release|Any CPU
		{FFC35DB0-565A-40F7-985D-BF23DEBDDA62}.Debug|Any CPU.ActiveCfg = Debug|Any CPU
		{FFC35DB0-565A-40F7-985D-BF23DEBDDA62}.Debug|Any CPU.Build.0 = Debug|Any CPU
		{FFC35DB0-565A-40F7-985D-BF23DEBDDA62}.Release|Any CPU.ActiveCfg = Release|Any CPU
		{FFC35DB0-565A-40F7-985D-BF23DEBDDA62}.Release|Any CPU.Build.0 = Release|Any CPU
		{BBF27993-0515-431D-BB6E-277F2836C63C}.Debug|Any CPU.ActiveCfg = Debug|Any CPU
		{BBF27993-0515-431D-BB6E-277F2836C63C}.Debug|Any CPU.Build.0 = Debug|Any CPU
		{BBF27993-0515-431D-BB6E-277F2836C63C}.Release|Any CPU.ActiveCfg = Release|Any CPU
		{BBF27993-0515-431D-BB6E-277F2836C63C}.Release|Any CPU.Build.0 = Release|Any CPU
		{58CB25C4-2BB8-42B9-AC86-4A6F069EA5B2}.Debug|Any CPU.ActiveCfg = Debug|Any CPU
		{58CB25C4-2BB8-42B9-AC86-4A6F069EA5B2}.Debug|Any CPU.Build.0 = Debug|Any CPU
		{58CB25C4-2BB8-42B9-AC86-4A6F069EA5B2}.Release|Any CPU.ActiveCfg = Release|Any CPU
		{58CB25C4-2BB8-42B9-AC86-4A6F069EA5B2}.Release|Any CPU.Build.0 = Release|Any CPU
		{4084BAA8-B15A-45EC-AC14-1EEB4F7D29D4}.Debug|Any CPU.ActiveCfg = Debug|Any CPU
		{4084BAA8-B15A-45EC-AC14-1EEB4F7D29D4}.Debug|Any CPU.Build.0 = Debug|Any CPU
		{4084BAA8-B15A-45EC-AC14-1EEB4F7D29D4}.Release|Any CPU.ActiveCfg = Release|Any CPU
		{4084BAA8-B15A-45EC-AC14-1EEB4F7D29D4}.Release|Any CPU.Build.0 = Release|Any CPU
		{C1F61C7C-0A5E-4314-BF47-592A4A464EC5}.Debug|Any CPU.ActiveCfg = Debug|Any CPU
		{C1F61C7C-0A5E-4314-BF47-592A4A464EC5}.Debug|Any CPU.Build.0 = Debug|Any CPU
		{C1F61C7C-0A5E-4314-BF47-592A4A464EC5}.Release|Any CPU.ActiveCfg = Release|Any CPU
		{C1F61C7C-0A5E-4314-BF47-592A4A464EC5}.Release|Any CPU.Build.0 = Release|Any CPU
	EndGlobalSection
	GlobalSection(SolutionProperties) = preSolution
		HideSolutionNode = FALSE
	EndGlobalSection
	GlobalSection(ExtensibilityGlobals) = postSolution
		SolutionGuid = {025CB088-ECC4-4AB2-A5B2-267361F07966}
	EndGlobalSection
EndGlobal
